
Microsoft Visual Studio Solution File, Format Version 12.00
# Visual Studio 15
VisualStudioVersion = 15.0.28010.0
MinimumVisualStudioVersion = 10.0.40219.1
Project("{888888A0-9F3D-457C-B088-3A5042F75D52}") = "Spark Machine Learning", "Spark Machine Learning\Spark Machine Learning.pyproj", "{9B7955E1-2F21-40A2-84EB-0AB17B6D8C61}"
EndProject
Global
	GlobalSection(SolutionConfigurationPlatforms) = preSolution
		Debug|Any CPU = Debug|Any CPU
		Release|Any CPU = Release|Any CPU
	EndGlobalSection
	GlobalSection(ProjectConfigurationPlatforms) = postSolution
		{9B7955E1-2F21-40A2-84EB-0AB17B6D8C61}.Debug|Any CPU.ActiveCfg = Debug|Any CPU
		{9B7955E1-2F21-40A2-84EB-0AB17B6D8C61}.Release|Any CPU.ActiveCfg = Release|Any CPU
	EndGlobalSection
	GlobalSection(SolutionProperties) = preSolution
		HideSolutionNode = FALSE
	EndGlobalSection
	GlobalSection(ExtensibilityGlobals) = postSolution
		SolutionGuid = {C14647AA-2808-4890-82D6-E686AAC6B319}
	EndGlobalSection
EndGlobal
